// !$*UTF8*$!
{
	archiveVersion = 1;
	classes = {
	};
	objectVersion = 52;
	objects = {

/* Begin PBXBuildFile section */
		3B12D9C826EDBD9200FA118E /* BookLibraryViewController.swift in Sources */ = {isa = PBXBuildFile; fileRef = 3B12D9C626EDBD9200FA118E /* BookLibraryViewController.swift */; };
		3B12D9C926EDBD9200FA118E /* BookLibraryViewController.xib in Resources */ = {isa = PBXBuildFile; fileRef = 3B12D9C726EDBD9200FA118E /* BookLibraryViewController.xib */; };
		3B2629C226EFA9FC001F39A4 /* BooksTableViewCell.swift in Sources */ = {isa = PBXBuildFile; fileRef = 3B2629C026EFA9FC001F39A4 /* BooksTableViewCell.swift */; };
		3B2629C326EFA9FC001F39A4 /* BooksTableViewCell.xib in Resources */ = {isa = PBXBuildFile; fileRef = 3B2629C126EFA9FC001F39A4 /* BooksTableViewCell.xib */; };
		3B2629C926EFB39E001F39A4 /* SDWebImage in Frameworks */ = {isa = PBXBuildFile; productRef = 3B2629C826EFB39E001F39A4 /* SDWebImage */; };
		3B2629CC26EFC803001F39A4 /* NetworkRequest.swift in Sources */ = {isa = PBXBuildFile; fileRef = 3B2629CB26EFC803001F39A4 /* NetworkRequest.swift */; };
		3B2629D526F05D61001F39A4 /* BookViewModel.swift in Sources */ = {isa = PBXBuildFile; fileRef = 3B2629D426F05D61001F39A4 /* BookViewModel.swift */; };
		3B2629D726F0610B001F39A4 /* Constant.swift in Sources */ = {isa = PBXBuildFile; fileRef = 3B2629D626F0610B001F39A4 /* Constant.swift */; };
		3B2629DB26F063C9001F39A4 /* BookModel.swift in Sources */ = {isa = PBXBuildFile; fileRef = 3B2629DA26F063C9001F39A4 /* BookModel.swift */; };
		3B77A6BC26EC874200DC3CFF /* AppDelegate.swift in Sources */ = {isa = PBXBuildFile; fileRef = 3B77A6BB26EC874200DC3CFF /* AppDelegate.swift */; };
		3B77A6BE26EC874200DC3CFF /* SceneDelegate.swift in Sources */ = {isa = PBXBuildFile; fileRef = 3B77A6BD26EC874200DC3CFF /* SceneDelegate.swift */; };
		3B77A6C626EC874200DC3CFF /* NextRead.xcdatamodeld in Sources */ = {isa = PBXBuildFile; fileRef = 3B77A6C426EC874200DC3CFF /* NextRead.xcdatamodeld */; };
		3B77A6C826EC874300DC3CFF /* Assets.xcassets in Resources */ = {isa = PBXBuildFile; fileRef = 3B77A6C726EC874300DC3CFF /* Assets.xcassets */; };
		3B77A6CB26EC874300DC3CFF /* LaunchScreen.storyboard in Resources */ = {isa = PBXBuildFile; fileRef = 3B77A6C926EC874300DC3CFF /* LaunchScreen.storyboard */; };
		3B77A6D426ECE64900DC3CFF /* RootViewController.swift in Sources */ = {isa = PBXBuildFile; fileRef = 3B77A6D226ECE64900DC3CFF /* RootViewController.swift */; };
		3B77A6D526ECE64900DC3CFF /* RootViewController.xib in Resources */ = {isa = PBXBuildFile; fileRef = 3B77A6D326ECE64900DC3CFF /* RootViewController.xib */; };
		3B7F736226F9E2BC001E7D33 /* Book+CoreDataClass.swift in Sources */ = {isa = PBXBuildFile; fileRef = 3B7F736026F9E2BC001E7D33 /* Book+CoreDataClass.swift */; };
		3B7F736326F9E2BC001E7D33 /* Book+CoreDataProperties.swift in Sources */ = {isa = PBXBuildFile; fileRef = 3B7F736126F9E2BC001E7D33 /* Book+CoreDataProperties.swift */; };
		3B7F736726F9E676001E7D33 /* BookLibraryViewModel.swift in Sources */ = {isa = PBXBuildFile; fileRef = 3B7F736626F9E676001E7D33 /* BookLibraryViewModel.swift */; };
		3B7F736926F9E77A001E7D33 /* CoreDataManager.swift in Sources */ = {isa = PBXBuildFile; fileRef = 3B7F736826F9E77A001E7D33 /* CoreDataManager.swift */; };
		3BCB8BDB26F8DF3C004F6659 /* BooksCollectionViewCell.swift in Sources */ = {isa = PBXBuildFile; fileRef = 3BCB8BD926F8DF3C004F6659 /* BooksCollectionViewCell.swift */; };
		3BCB8BDC26F8DF3C004F6659 /* BooksCollectionViewCell.xib in Resources */ = {isa = PBXBuildFile; fileRef = 3BCB8BDA26F8DF3C004F6659 /* BooksCollectionViewCell.xib */; };
/* End PBXBuildFile section */

/* Begin PBXFileReference section */
		3B12D9C626EDBD9200FA118E /* BookLibraryViewController.swift */ = {isa = PBXFileReference; lastKnownFileType = sourcecode.swift; path = BookLibraryViewController.swift; sourceTree = "<group>"; };
		3B12D9C726EDBD9200FA118E /* BookLibraryViewController.xib */ = {isa = PBXFileReference; lastKnownFileType = file.xib; path = BookLibraryViewController.xib; sourceTree = "<group>"; };
		3B2629C026EFA9FC001F39A4 /* BooksTableViewCell.swift */ = {isa = PBXFileReference; lastKnownFileType = sourcecode.swift; path = BooksTableViewCell.swift; sourceTree = "<group>"; };
		3B2629C126EFA9FC001F39A4 /* BooksTableViewCell.xib */ = {isa = PBXFileReference; lastKnownFileType = file.xib; path = BooksTableViewCell.xib; sourceTree = "<group>"; };
		3B2629CB26EFC803001F39A4 /* NetworkRequest.swift */ = {isa = PBXFileReference; lastKnownFileType = sourcecode.swift; path = NetworkRequest.swift; sourceTree = "<group>"; };
		3B2629D426F05D61001F39A4 /* BookViewModel.swift */ = {isa = PBXFileReference; lastKnownFileType = sourcecode.swift; path = BookViewModel.swift; sourceTree = "<group>"; };
		3B2629D626F0610B001F39A4 /* Constant.swift */ = {isa = PBXFileReference; lastKnownFileType = sourcecode.swift; path = Constant.swift; sourceTree = "<group>"; };
		3B2629DA26F063C9001F39A4 /* BookModel.swift */ = {isa = PBXFileReference; lastKnownFileType = sourcecode.swift; path = BookModel.swift; sourceTree = "<group>"; };
		3B77A6B826EC874200DC3CFF /* NextRead.app */ = {isa = PBXFileReference; explicitFileType = wrapper.application; includeInIndex = 0; path = NextRead.app; sourceTree = BUILT_PRODUCTS_DIR; };
		3B77A6BB26EC874200DC3CFF /* AppDelegate.swift */ = {isa = PBXFileReference; lastKnownFileType = sourcecode.swift; path = AppDelegate.swift; sourceTree = "<group>"; };
		3B77A6BD26EC874200DC3CFF /* SceneDelegate.swift */ = {isa = PBXFileReference; lastKnownFileType = sourcecode.swift; path = SceneDelegate.swift; sourceTree = "<group>"; };
		3B77A6C526EC874200DC3CFF /* NextRead.xcdatamodel */ = {isa = PBXFileReference; lastKnownFileType = wrapper.xcdatamodel; path = NextRead.xcdatamodel; sourceTree = "<group>"; };
		3B77A6C726EC874300DC3CFF /* Assets.xcassets */ = {isa = PBXFileReference; lastKnownFileType = folder.assetcatalog; path = Assets.xcassets; sourceTree = "<group>"; };
		3B77A6CA26EC874300DC3CFF /* Base */ = {isa = PBXFileReference; lastKnownFileType = file.storyboard; name = Base; path = Base.lproj/LaunchScreen.storyboard; sourceTree = "<group>"; };
		3B77A6CC26EC874300DC3CFF /* Info.plist */ = {isa = PBXFileReference; lastKnownFileType = text.plist.xml; path = Info.plist; sourceTree = "<group>"; };
		3B77A6D226ECE64900DC3CFF /* RootViewController.swift */ = {isa = PBXFileReference; lastKnownFileType = sourcecode.swift; path = RootViewController.swift; sourceTree = "<group>"; };
		3B77A6D326ECE64900DC3CFF /* RootViewController.xib */ = {isa = PBXFileReference; lastKnownFileType = file.xib; path = RootViewController.xib; sourceTree = "<group>"; };
		3B7F736026F9E2BC001E7D33 /* Book+CoreDataClass.swift */ = {isa = PBXFileReference; lastKnownFileType = sourcecode.swift; path = "Book+CoreDataClass.swift"; sourceTree = "<group>"; };
		3B7F736126F9E2BC001E7D33 /* Book+CoreDataProperties.swift */ = {isa = PBXFileReference; lastKnownFileType = sourcecode.swift; path = "Book+CoreDataProperties.swift"; sourceTree = "<group>"; };
		3B7F736626F9E676001E7D33 /* BookLibraryViewModel.swift */ = {isa = PBXFileReference; lastKnownFileType = sourcecode.swift; path = BookLibraryViewModel.swift; sourceTree = "<group>"; };
		3B7F736826F9E77A001E7D33 /* CoreDataManager.swift */ = {isa = PBXFileReference; lastKnownFileType = sourcecode.swift; path = CoreDataManager.swift; sourceTree = "<group>"; };
		3BCB8BD926F8DF3C004F6659 /* BooksCollectionViewCell.swift */ = {isa = PBXFileReference; lastKnownFileType = sourcecode.swift; path = BooksCollectionViewCell.swift; sourceTree = "<group>"; };
		3BCB8BDA26F8DF3C004F6659 /* BooksCollectionViewCell.xib */ = {isa = PBXFileReference; lastKnownFileType = file.xib; path = BooksCollectionViewCell.xib; sourceTree = "<group>"; };
/* End PBXFileReference section */

/* Begin PBXFrameworksBuildPhase section */
		3B77A6B526EC874200DC3CFF /* Frameworks */ = {
			isa = PBXFrameworksBuildPhase;
			buildActionMask = 2147483647;
			files = (
				3B2629C926EFB39E001F39A4 /* SDWebImage in Frameworks */,
			);
			runOnlyForDeploymentPostprocessing = 0;
		};
/* End PBXFrameworksBuildPhase section */

/* Begin PBXGroup section */
		3B12D9C326EDBD6A00FA118E /* Next Read */ = {
			isa = PBXGroup;
			children = (
				3B77A6D226ECE64900DC3CFF /* RootViewController.swift */,
				3B77A6D326ECE64900DC3CFF /* RootViewController.xib */,
			);
			path = "Next Read";
			sourceTree = "<group>";
		};
		3B12D9C426EDBD7500FA118E /* Book Library */ = {
			isa = PBXGroup;
			children = (
				3B12D9C626EDBD9200FA118E /* BookLibraryViewController.swift */,
				3B12D9C726EDBD9200FA118E /* BookLibraryViewController.xib */,
			);
			path = "Book Library";
			sourceTree = "<group>";
		};
		3B2629B726EF90F2001F39A4 /* App */ = {
			isa = PBXGroup;
			children = (
				3B77A6C926EC874300DC3CFF /* LaunchScreen.storyboard */,
				3B77A6BB26EC874200DC3CFF /* AppDelegate.swift */,
				3B77A6BD26EC874200DC3CFF /* SceneDelegate.swift */,
			);
			path = App;
			sourceTree = "<group>";
		};
		3B2629B826EF9106001F39A4 /* Resources */ = {
			isa = PBXGroup;
			children = (
				3B77A6C726EC874300DC3CFF /* Assets.xcassets */,
			);
			path = Resources;
			sourceTree = "<group>";
		};
		3B2629BC26EF931C001F39A4 /* Collection View Cell */ = {
			isa = PBXGroup;
			children = (
				3BCB8BD926F8DF3C004F6659 /* BooksCollectionViewCell.swift */,
				3BCB8BDA26F8DF3C004F6659 /* BooksCollectionViewCell.xib */,
			);
			path = "Collection View Cell";
			sourceTree = "<group>";
		};
		3B2629BD26EFA9A5001F39A4 /* Table View Cell */ = {
			isa = PBXGroup;
			children = (
				3B2629C026EFA9FC001F39A4 /* BooksTableViewCell.swift */,
				3B2629C126EFA9FC001F39A4 /* BooksTableViewCell.xib */,
			);
			path = "Table View Cell";
			sourceTree = "<group>";
		};
		3B2629CA26EFC7EE001F39A4 /* Network */ = {
			isa = PBXGroup;
			children = (
				3B2629CB26EFC803001F39A4 /* NetworkRequest.swift */,
			);
			path = Network;
			sourceTree = "<group>";
		};
		3B2629CD26F058DB001F39A4 /* Features */ = {
			isa = PBXGroup;
			children = (
				3B7F736526F9E5E6001E7D33 /* Favorites */,
				3B2629D026F05982001F39A4 /* Search */,
			);
			path = Features;
			sourceTree = "<group>";
		};
		3B2629CE26F0590C001F39A4 /* Vendor */ = {
			isa = PBXGroup;
			children = (
				3B7F736426F9E2F3001E7D33 /* Core Data */,
				3B2629B826EF9106001F39A4 /* Resources */,
				3B2629B726EF90F2001F39A4 /* App */,
				3BCB8BE126F8E688004F6659 /* Extension */,
				3B2629CF26F05954001F39A4 /* Utilities */,
				3B2629CA26EFC7EE001F39A4 /* Network */,
			);
			path = Vendor;
			sourceTree = "<group>";
		};
		3B2629CF26F05954001F39A4 /* Utilities */ = {
			isa = PBXGroup;
			children = (
				3B2629D626F0610B001F39A4 /* Constant.swift */,
			);
			path = Utilities;
			sourceTree = "<group>";
		};
		3B2629D026F05982001F39A4 /* Search */ = {
			isa = PBXGroup;
			children = (
				3B2629D326F05B0E001F39A4 /* ViewModel */,
				3B2629D226F05AFA001F39A4 /* Model */,
				3B2629D126F05AEE001F39A4 /* View */,
			);
			path = Search;
			sourceTree = "<group>";
		};
		3B2629D126F05AEE001F39A4 /* View */ = {
			isa = PBXGroup;
			children = (
				3BCB8BD826F8DD80004F6659 /* Shared */,
				3BCB8BDD26F8E410004F6659 /* Book Detail */,
				3B12D9C426EDBD7500FA118E /* Book Library */,
				3B12D9C326EDBD6A00FA118E /* Next Read */,
			);
			path = View;
			sourceTree = "<group>";
		};
		3B2629D226F05AFA001F39A4 /* Model */ = {
			isa = PBXGroup;
			children = (
				3B7F736026F9E2BC001E7D33 /* Book+CoreDataClass.swift */,
				3B7F736126F9E2BC001E7D33 /* Book+CoreDataProperties.swift */,
				3B2629DA26F063C9001F39A4 /* BookModel.swift */,
			);
			path = Model;
			sourceTree = "<group>";
		};
		3B2629D326F05B0E001F39A4 /* ViewModel */ = {
			isa = PBXGroup;
			children = (
				3B2629D426F05D61001F39A4 /* BookViewModel.swift */,
				3B7F736626F9E676001E7D33 /* BookLibraryViewModel.swift */,
			);
			path = ViewModel;
			sourceTree = "<group>";
		};
		3B77A6AF26EC874200DC3CFF = {
			isa = PBXGroup;
			children = (
				3B77A6BA26EC874200DC3CFF /* NextRead */,
				3B77A6B926EC874200DC3CFF /* Products */,
			);
			sourceTree = "<group>";
		};
		3B77A6B926EC874200DC3CFF /* Products */ = {
			isa = PBXGroup;
			children = (
				3B77A6B826EC874200DC3CFF /* NextRead.app */,
			);
			name = Products;
			sourceTree = "<group>";
		};
		3B77A6BA26EC874200DC3CFF /* NextRead */ = {
			isa = PBXGroup;
			children = (
				3B2629CE26F0590C001F39A4 /* Vendor */,
				3B2629CD26F058DB001F39A4 /* Features */,
				3B77A6CC26EC874300DC3CFF /* Info.plist */,
			);
			path = NextRead;
			sourceTree = "<group>";
		};
		3B7F736426F9E2F3001E7D33 /* Core Data */ = {
			isa = PBXGroup;
			children = (
				3B77A6C426EC874200DC3CFF /* NextRead.xcdatamodeld */,
				3B7F736826F9E77A001E7D33 /* CoreDataManager.swift */,
			);
			path = "Core Data";
			sourceTree = "<group>";
		};
		3B7F736526F9E5E6001E7D33 /* Favorites */ = {
			isa = PBXGroup;
			children = (
			);
			path = Favorites;
			sourceTree = "<group>";
		};
		3BCB8BD826F8DD80004F6659 /* Shared */ = {
			isa = PBXGroup;
			children = (
				3B2629BD26EFA9A5001F39A4 /* Table View Cell */,
				3B2629BC26EF931C001F39A4 /* Collection View Cell */,
			);
			path = Shared;
			sourceTree = "<group>";
		};
		3BCB8BDD26F8E410004F6659 /* Book Detail */ = {
			isa = PBXGroup;
			children = (
			);
			path = "Book Detail";
			sourceTree = "<group>";
		};
		3BCB8BE126F8E688004F6659 /* Extension */ = {
			isa = PBXGroup;
			children = (
			);
			path = Extension;
			sourceTree = "<group>";
		};
/* End PBXGroup section */

/* Begin PBXNativeTarget section */
		3B77A6B726EC874200DC3CFF /* NextRead */ = {
			isa = PBXNativeTarget;
			buildConfigurationList = 3B77A6CF26EC874300DC3CFF /* Build configuration list for PBXNativeTarget "NextRead" */;
			buildPhases = (
				3B77A6B426EC874200DC3CFF /* Sources */,
				3B77A6B526EC874200DC3CFF /* Frameworks */,
				3B77A6B626EC874200DC3CFF /* Resources */,
			);
			buildRules = (
			);
			dependencies = (
			);
			name = NextRead;
			packageProductDependencies = (
				3B2629C826EFB39E001F39A4 /* SDWebImage */,
			);
			productName = NextRead;
			productReference = 3B77A6B826EC874200DC3CFF /* NextRead.app */;
			productType = "com.apple.product-type.application";
		};
/* End PBXNativeTarget section */

/* Begin PBXProject section */
		3B77A6B026EC874200DC3CFF /* Project object */ = {
			isa = PBXProject;
			attributes = {
				LastSwiftUpdateCheck = 1250;
				LastUpgradeCheck = 1250;
				TargetAttributes = {
					3B77A6B726EC874200DC3CFF = {
						CreatedOnToolsVersion = 12.5.1;
					};
				};
			};
			buildConfigurationList = 3B77A6B326EC874200DC3CFF /* Build configuration list for PBXProject "NextRead" */;
			compatibilityVersion = "Xcode 9.3";
			developmentRegion = en;
			hasScannedForEncodings = 0;
			knownRegions = (
				en,
				Base,
			);
			mainGroup = 3B77A6AF26EC874200DC3CFF;
			packageReferences = (
				3B2629C726EFB39E001F39A4 /* XCRemoteSwiftPackageReference "SDWebImage" */,
			);
			productRefGroup = 3B77A6B926EC874200DC3CFF /* Products */;
			projectDirPath = "";
			projectRoot = "";
			targets = (
				3B77A6B726EC874200DC3CFF /* NextRead */,
			);
		};
/* End PBXProject section */

/* Begin PBXResourcesBuildPhase section */
		3B77A6B626EC874200DC3CFF /* Resources */ = {
			isa = PBXResourcesBuildPhase;
			buildActionMask = 2147483647;
			files = (
				3B77A6CB26EC874300DC3CFF /* LaunchScreen.storyboard in Resources */,
				3BCB8BDC26F8DF3C004F6659 /* BooksCollectionViewCell.xib in Resources */,
				3B12D9C926EDBD9200FA118E /* BookLibraryViewController.xib in Resources */,
				3B77A6C826EC874300DC3CFF /* Assets.xcassets in Resources */,
				3B77A6D526ECE64900DC3CFF /* RootViewController.xib in Resources */,
				3B2629C326EFA9FC001F39A4 /* BooksTableViewCell.xib in Resources */,
			);
			runOnlyForDeploymentPostprocessing = 0;
		};
/* End PBXResourcesBuildPhase section */

/* Begin PBXSourcesBuildPhase section */
		3B77A6B426EC874200DC3CFF /* Sources */ = {
			isa = PBXSourcesBuildPhase;
			buildActionMask = 2147483647;
			files = (
				3B2629DB26F063C9001F39A4 /* BookModel.swift in Sources */,
				3B7F736326F9E2BC001E7D33 /* Book+CoreDataProperties.swift in Sources */,
				3B77A6C626EC874200DC3CFF /* NextRead.xcdatamodeld in Sources */,
				3B7F736926F9E77A001E7D33 /* CoreDataManager.swift in Sources */,
				3B2629CC26EFC803001F39A4 /* NetworkRequest.swift in Sources */,
				3BCB8BDB26F8DF3C004F6659 /* BooksCollectionViewCell.swift in Sources */,
				3B77A6BC26EC874200DC3CFF /* AppDelegate.swift in Sources */,
				3B77A6D426ECE64900DC3CFF /* RootViewController.swift in Sources */,
				3B7F736726F9E676001E7D33 /* BookLibraryViewModel.swift in Sources */,
				3B2629D526F05D61001F39A4 /* BookViewModel.swift in Sources */,
				3B77A6BE26EC874200DC3CFF /* SceneDelegate.swift in Sources */,
				3B2629D726F0610B001F39A4 /* Constant.swift in Sources */,
				3B12D9C826EDBD9200FA118E /* BookLibraryViewController.swift in Sources */,
				3B7F736226F9E2BC001E7D33 /* Book+CoreDataClass.swift in Sources */,
				3B2629C226EFA9FC001F39A4 /* BooksTableViewCell.swift in Sources */,
			);
			runOnlyForDeploymentPostprocessing = 0;
		};
/* End PBXSourcesBuildPhase section */

/* Begin PBXVariantGroup section */
		3B77A6C926EC874300DC3CFF /* LaunchScreen.storyboard */ = {
			isa = PBXVariantGroup;
			children = (
				3B77A6CA26EC874300DC3CFF /* Base */,
			);
			name = LaunchScreen.storyboard;
			sourceTree = "<group>";
		};
/* End PBXVariantGroup section */

/* Begin XCBuildConfiguration section */
		3B77A6CD26EC874300DC3CFF /* Debug */ = {
			isa = XCBuildConfiguration;
			buildSettings = {
				ALWAYS_SEARCH_USER_PATHS = NO;
				CLANG_ANALYZER_NONNULL = YES;
				CLANG_ANALYZER_NUMBER_OBJECT_CONVERSION = YES_AGGRESSIVE;
				CLANG_CXX_LANGUAGE_STANDARD = "gnu++14";
				CLANG_CXX_LIBRARY = "libc++";
				CLANG_ENABLE_MODULES = YES;
				CLANG_ENABLE_OBJC_ARC = YES;
				CLANG_ENABLE_OBJC_WEAK = YES;
				CLANG_WARN_BLOCK_CAPTURE_AUTORELEASING = YES;
				CLANG_WARN_BOOL_CONVERSION = YES;
				CLANG_WARN_COMMA = YES;
				CLANG_WARN_CONSTANT_CONVERSION = YES;
				CLANG_WARN_DEPRECATED_OBJC_IMPLEMENTATIONS = YES;
				CLANG_WARN_DIRECT_OBJC_ISA_USAGE = YES_ERROR;
				CLANG_WARN_DOCUMENTATION_COMMENTS = YES;
				CLANG_WARN_EMPTY_BODY = YES;
				CLANG_WARN_ENUM_CONVERSION = YES;
				CLANG_WARN_INFINITE_RECURSION = YES;
				CLANG_WARN_INT_CONVERSION = YES;
				CLANG_WARN_NON_LITERAL_NULL_CONVERSION = YES;
				CLANG_WARN_OBJC_IMPLICIT_RETAIN_SELF = YES;
				CLANG_WARN_OBJC_LITERAL_CONVERSION = YES;
				CLANG_WARN_OBJC_ROOT_CLASS = YES_ERROR;
				CLANG_WARN_QUOTED_INCLUDE_IN_FRAMEWORK_HEADER = YES;
				CLANG_WARN_RANGE_LOOP_ANALYSIS = YES;
				CLANG_WARN_STRICT_PROTOTYPES = YES;
				CLANG_WARN_SUSPICIOUS_MOVE = YES;
				CLANG_WARN_UNGUARDED_AVAILABILITY = YES_AGGRESSIVE;
				CLANG_WARN_UNREACHABLE_CODE = YES;
				CLANG_WARN__DUPLICATE_METHOD_MATCH = YES;
				COPY_PHASE_STRIP = NO;
				DEBUG_INFORMATION_FORMAT = dwarf;
				ENABLE_STRICT_OBJC_MSGSEND = YES;
				ENABLE_TESTABILITY = YES;
				GCC_C_LANGUAGE_STANDARD = gnu11;
				GCC_DYNAMIC_NO_PIC = NO;
				GCC_NO_COMMON_BLOCKS = YES;
				GCC_OPTIMIZATION_LEVEL = 0;
				GCC_PREPROCESSOR_DEFINITIONS = (
					"DEBUG=1",
					"$(inherited)",
				);
				GCC_WARN_64_TO_32_BIT_CONVERSION = YES;
				GCC_WARN_ABOUT_RETURN_TYPE = YES_ERROR;
				GCC_WARN_UNDECLARED_SELECTOR = YES;
				GCC_WARN_UNINITIALIZED_AUTOS = YES_AGGRESSIVE;
				GCC_WARN_UNUSED_FUNCTION = YES;
				GCC_WARN_UNUSED_VARIABLE = YES;
				IPHONEOS_DEPLOYMENT_TARGET = 14.5;
				MTL_ENABLE_DEBUG_INFO = INCLUDE_SOURCE;
				MTL_FAST_MATH = YES;
				ONLY_ACTIVE_ARCH = YES;
				SDKROOT = iphoneos;
				SWIFT_ACTIVE_COMPILATION_CONDITIONS = DEBUG;
				SWIFT_OPTIMIZATION_LEVEL = "-Onone";
			};
			name = Debug;
		};
		3B77A6CE26EC874300DC3CFF /* Release */ = {
			isa = XCBuildConfiguration;
			buildSettings = {
				ALWAYS_SEARCH_USER_PATHS = NO;
				CLANG_ANALYZER_NONNULL = YES;
				CLANG_ANALYZER_NUMBER_OBJECT_CONVERSION = YES_AGGRESSIVE;
				CLANG_CXX_LANGUAGE_STANDARD = "gnu++14";
				CLANG_CXX_LIBRARY = "libc++";
				CLANG_ENABLE_MODULES = YES;
				CLANG_ENABLE_OBJC_ARC = YES;
				CLANG_ENABLE_OBJC_WEAK = YES;
				CLANG_WARN_BLOCK_CAPTURE_AUTORELEASING = YES;
				CLANG_WARN_BOOL_CONVERSION = YES;
				CLANG_WARN_COMMA = YES;
				CLANG_WARN_CONSTANT_CONVERSION = YES;
				CLANG_WARN_DEPRECATED_OBJC_IMPLEMENTATIONS = YES;
				CLANG_WARN_DIRECT_OBJC_ISA_USAGE = YES_ERROR;
				CLANG_WARN_DOCUMENTATION_COMMENTS = YES;
				CLANG_WARN_EMPTY_BODY = YES;
				CLANG_WARN_ENUM_CONVERSION = YES;
				CLANG_WARN_INFINITE_RECURSION = YES;
				CLANG_WARN_INT_CONVERSION = YES;
				CLANG_WARN_NON_LITERAL_NULL_CONVERSION = YES;
				CLANG_WARN_OBJC_IMPLICIT_RETAIN_SELF = YES;
				CLANG_WARN_OBJC_LITERAL_CONVERSION = YES;
				CLANG_WARN_OBJC_ROOT_CLASS = YES_ERROR;
				CLANG_WARN_QUOTED_INCLUDE_IN_FRAMEWORK_HEADER = YES;
				CLANG_WARN_RANGE_LOOP_ANALYSIS = YES;
				CLANG_WARN_STRICT_PROTOTYPES = YES;
				CLANG_WARN_SUSPICIOUS_MOVE = YES;
				CLANG_WARN_UNGUARDED_AVAILABILITY = YES_AGGRESSIVE;
				CLANG_WARN_UNREACHABLE_CODE = YES;
				CLANG_WARN__DUPLICATE_METHOD_MATCH = YES;
				COPY_PHASE_STRIP = NO;
				DEBUG_INFORMATION_FORMAT = "dwarf-with-dsym";
				ENABLE_NS_ASSERTIONS = NO;
				ENABLE_STRICT_OBJC_MSGSEND = YES;
				GCC_C_LANGUAGE_STANDARD = gnu11;
				GCC_NO_COMMON_BLOCKS = YES;
				GCC_WARN_64_TO_32_BIT_CONVERSION = YES;
				GCC_WARN_ABOUT_RETURN_TYPE = YES_ERROR;
				GCC_WARN_UNDECLARED_SELECTOR = YES;
				GCC_WARN_UNINITIALIZED_AUTOS = YES_AGGRESSIVE;
				GCC_WARN_UNUSED_FUNCTION = YES;
				GCC_WARN_UNUSED_VARIABLE = YES;
				IPHONEOS_DEPLOYMENT_TARGET = 14.5;
				MTL_ENABLE_DEBUG_INFO = NO;
				MTL_FAST_MATH = YES;
				SDKROOT = iphoneos;
				SWIFT_COMPILATION_MODE = wholemodule;
				SWIFT_OPTIMIZATION_LEVEL = "-O";
				VALIDATE_PRODUCT = YES;
			};
			name = Release;
		};
		3B77A6D026EC874300DC3CFF /* Debug */ = {
			isa = XCBuildConfiguration;
			buildSettings = {
				ASSETCATALOG_COMPILER_APPICON_NAME = AppIcon;
				ASSETCATALOG_COMPILER_GLOBAL_ACCENT_COLOR_NAME = AccentColor;
				CODE_SIGN_STYLE = Automatic;
				DEVELOPMENT_TEAM = J3RR7Q3QN2;
				INFOPLIST_FILE = NextRead/Info.plist;
				LD_RUNPATH_SEARCH_PATHS = (
					"$(inherited)",
					"@executable_path/Frameworks",
				);
				PRODUCT_BUNDLE_IDENTIFIER = JavierFransiscus.NextRead;
				PRODUCT_NAME = "$(TARGET_NAME)";
				SWIFT_VERSION = 5.0;
				TARGETED_DEVICE_FAMILY = 1;
			};
			name = Debug;
		};
		3B77A6D126EC874300DC3CFF /* Release */ = {
			isa = XCBuildConfiguration;
			buildSettings = {
				ASSETCATALOG_COMPILER_APPICON_NAME = AppIcon;
				ASSETCATALOG_COMPILER_GLOBAL_ACCENT_COLOR_NAME = AccentColor;
				CODE_SIGN_STYLE = Automatic;
				DEVELOPMENT_TEAM = J3RR7Q3QN2;
				INFOPLIST_FILE = NextRead/Info.plist;
				LD_RUNPATH_SEARCH_PATHS = (
					"$(inherited)",
					"@executable_path/Frameworks",
				);
				PRODUCT_BUNDLE_IDENTIFIER = JavierFransiscus.NextRead;
				PRODUCT_NAME = "$(TARGET_NAME)";
				SWIFT_VERSION = 5.0;
				TARGETED_DEVICE_FAMILY = 1;
			};
			name = Release;
		};
/* End XCBuildConfiguration section */

/* Begin XCConfigurationList section */
		3B77A6B326EC874200DC3CFF /* Build configuration list for PBXProject "NextRead" */ = {
			isa = XCConfigurationList;
			buildConfigurations = (
				3B77A6CD26EC874300DC3CFF /* Debug */,
				3B77A6CE26EC874300DC3CFF /* Release */,
			);
			defaultConfigurationIsVisible = 0;
			defaultConfigurationName = Release;
		};
		3B77A6CF26EC874300DC3CFF /* Build configuration list for PBXNativeTarget "NextRead" */ = {
			isa = XCConfigurationList;
			buildConfigurations = (
				3B77A6D026EC874300DC3CFF /* Debug */,
				3B77A6D126EC874300DC3CFF /* Release */,
			);
			defaultConfigurationIsVisible = 0;
			defaultConfigurationName = Release;
		};
/* End XCConfigurationList section */

/* Begin XCRemoteSwiftPackageReference section */
		3B2629C726EFB39E001F39A4 /* XCRemoteSwiftPackageReference "SDWebImage" */ = {
			isa = XCRemoteSwiftPackageReference;
			repositoryURL = "https://github.com/SDWebImage/SDWebImage";
			requirement = {
				kind = upToNextMajorVersion;
				minimumVersion = 5.11.1;
			};
		};
/* End XCRemoteSwiftPackageReference section */

/* Begin XCSwiftPackageProductDependency section */
		3B2629C826EFB39E001F39A4 /* SDWebImage */ = {
			isa = XCSwiftPackageProductDependency;
			package = 3B2629C726EFB39E001F39A4 /* XCRemoteSwiftPackageReference "SDWebImage" */;
			productName = SDWebImage;
		};
/* End XCSwiftPackageProductDependency section */

/* Begin XCVersionGroup section */
		3B77A6C426EC874200DC3CFF /* NextRead.xcdatamodeld */ = {
			isa = XCVersionGroup;
			children = (
				3B77A6C526EC874200DC3CFF /* NextRead.xcdatamodel */,
			);
			currentVersion = 3B77A6C526EC874200DC3CFF /* NextRead.xcdatamodel */;
			path = NextRead.xcdatamodeld;
			sourceTree = "<group>";
			versionGroupType = wrapper.xcdatamodel;
		};
/* End XCVersionGroup section */
	};
	rootObject = 3B77A6B026EC874200DC3CFF /* Project object */;
}
